// !$*UTF8*$!
{
	archiveVersion = 1;
	classes = {
	};
	objectVersion = 48;
	objects = {

/* Begin PBXBuildFile section */
		08A4DE09208F184F0004F540 /* MLScanControl.swift in Sources */ = {isa = PBXBuildFile; fileRef = 08A4DE07208F184F0004F540 /* MLScanControl.swift */; };
		08A4DE0A208F184F0004F540 /* MLScanFrameView.swift in Sources */ = {isa = PBXBuildFile; fileRef = 08A4DE08208F184F0004F540 /* MLScanFrameView.swift */; };
		08A4DE0C208F18590004F540 /* ViewController_swift.swift in Sources */ = {isa = PBXBuildFile; fileRef = 08A4DE0B208F18590004F540 /* ViewController_swift.swift */; };
		08FF8D672015C58E0028DF49 /* AppDelegate.swift in Sources */ = {isa = PBXBuildFile; fileRef = 08FF8D662015C58E0028DF49 /* AppDelegate.swift */; };
		08FF8D6C2015C58E0028DF49 /* Main.storyboard in Resources */ = {isa = PBXBuildFile; fileRef = 08FF8D6A2015C58E0028DF49 /* Main.storyboard */; };
		08FF8D6E2015C58E0028DF49 /* Assets.xcassets in Resources */ = {isa = PBXBuildFile; fileRef = 08FF8D6D2015C58E0028DF49 /* Assets.xcassets */; };
		08FF8D712015C58E0028DF49 /* LaunchScreen.storyboard in Resources */ = {isa = PBXBuildFile; fileRef = 08FF8D6F2015C58E0028DF49 /* LaunchScreen.storyboard */; };
		08FF8D7D2015C6960028DF49 /* MLScan.bundle in Resources */ = {isa = PBXBuildFile; fileRef = 08FF8D7A2015C6960028DF49 /* MLScan.bundle */; };
		08FF8D812015C6F30028DF49 /* AVFoundation.framework in Frameworks */ = {isa = PBXBuildFile; fileRef = 08FF8D802015C6F30028DF49 /* AVFoundation.framework */; };
/* End PBXBuildFile section */

/* Begin PBXFileReference section */
		08A4DE07208F184F0004F540 /* MLScanControl.swift */ = {isa = PBXFileReference; fileEncoding = 4; lastKnownFileType = sourcecode.swift; path = MLScanControl.swift; sourceTree = "<group>"; };
		08A4DE08208F184F0004F540 /* MLScanFrameView.swift */ = {isa = PBXFileReference; fileEncoding = 4; lastKnownFileType = sourcecode.swift; path = MLScanFrameView.swift; sourceTree = "<group>"; };
		08A4DE0B208F18590004F540 /* ViewController_swift.swift */ = {isa = PBXFileReference; fileEncoding = 4; lastKnownFileType = sourcecode.swift; path = ViewController_swift.swift; sourceTree = "<group>"; };
		08FF8D632015C58E0028DF49 /* MLScanControl.app */ = {isa = PBXFileReference; explicitFileType = wrapper.application; includeInIndex = 0; path = MLScanControl.app; sourceTree = BUILT_PRODUCTS_DIR; };
		08FF8D662015C58E0028DF49 /* AppDelegate.swift */ = {isa = PBXFileReference; lastKnownFileType = sourcecode.swift; path = AppDelegate.swift; sourceTree = "<group>"; };
		08FF8D6B2015C58E0028DF49 /* Base */ = {isa = PBXFileReference; lastKnownFileType = file.storyboard; name = Base; path = Base.lproj/Main.storyboard; sourceTree = "<group>"; };
		08FF8D6D2015C58E0028DF49 /* Assets.xcassets */ = {isa = PBXFileReference; lastKnownFileType = folder.assetcatalog; path = Assets.xcassets; sourceTree = "<group>"; };
		08FF8D702015C58E0028DF49 /* Base */ = {isa = PBXFileReference; lastKnownFileType = file.storyboard; name = Base; path = Base.lproj/LaunchScreen.storyboard; sourceTree = "<group>"; };
		08FF8D722015C58E0028DF49 /* Info.plist */ = {isa = PBXFileReference; lastKnownFileType = text.plist.xml; path = Info.plist; sourceTree = "<group>"; };
		08FF8D7A2015C6960028DF49 /* MLScan.bundle */ = {isa = PBXFileReference; lastKnownFileType = "wrapper.plug-in"; path = MLScan.bundle; sourceTree = "<group>"; };
		08FF8D802015C6F30028DF49 /* AVFoundation.framework */ = {isa = PBXFileReference; lastKnownFileType = wrapper.framework; name = AVFoundation.framework; path = System/Library/Frameworks/AVFoundation.framework; sourceTree = SDKROOT; };
/* End PBXFileReference section */

/* Begin PBXFrameworksBuildPhase section */
		08FF8D602015C58E0028DF49 /* Frameworks */ = {
			isa = PBXFrameworksBuildPhase;
			buildActionMask = 2147483647;
			files = (
				08FF8D812015C6F30028DF49 /* AVFoundation.framework in Frameworks */,
			);
			runOnlyForDeploymentPostprocessing = 0;
		};
/* End PBXFrameworksBuildPhase section */

/* Begin PBXGroup section */
		08A4DE06208F184F0004F540 /* Swift */ = {
			isa = PBXGroup;
			children = (
				08A4DE07208F184F0004F540 /* MLScanControl.swift */,
				08A4DE08208F184F0004F540 /* MLScanFrameView.swift */,
			);
			path = Swift;
			sourceTree = "<group>";
		};
		08FF8D5A2015C58E0028DF49 = {
			isa = PBXGroup;
			children = (
				08FF8D652015C58E0028DF49 /* MLScanControl */,
				08FF8D642015C58E0028DF49 /* Products */,
				08FF8D7F2015C6F30028DF49 /* Frameworks */,
			);
			sourceTree = "<group>";
		};
		08FF8D642015C58E0028DF49 /* Products */ = {
			isa = PBXGroup;
			children = (
				08FF8D632015C58E0028DF49 /* MLScanControl.app */,
			);
			name = Products;
			sourceTree = "<group>";
		};
		08FF8D652015C58E0028DF49 /* MLScanControl */ = {
			isa = PBXGroup;
			children = (
				08FF8D782015C6960028DF49 /* Class */,
				08FF8D662015C58E0028DF49 /* AppDelegate.swift */,
				08A4DE0B208F18590004F540 /* ViewController_swift.swift */,
				08FF8D6A2015C58E0028DF49 /* Main.storyboard */,
				08FF8D6D2015C58E0028DF49 /* Assets.xcassets */,
				08FF8D6F2015C58E0028DF49 /* LaunchScreen.storyboard */,
				08FF8D722015C58E0028DF49 /* Info.plist */,
			);
			path = MLScanControl;
			sourceTree = "<group>";
		};
		08FF8D782015C6960028DF49 /* Class */ = {
			isa = PBXGroup;
			children = (
				08A4DE06208F184F0004F540 /* Swift */,
				08FF8D7A2015C6960028DF49 /* MLScan.bundle */,
			);
			path = Class;
			sourceTree = SOURCE_ROOT;
		};
		08FF8D7F2015C6F30028DF49 /* Frameworks */ = {
			isa = PBXGroup;
			children = (
				08FF8D802015C6F30028DF49 /* AVFoundation.framework */,
			);
			name = Frameworks;
			sourceTree = "<group>";
		};
/* End PBXGroup section */

/* Begin PBXNativeTarget section */
		08FF8D622015C58E0028DF49 /* MLScanControl */ = {
			isa = PBXNativeTarget;
			buildConfigurationList = 08FF8D752015C58E0028DF49 /* Build configuration list for PBXNativeTarget "MLScanControl" */;
			buildPhases = (
				08FF8D5F2015C58E0028DF49 /* Sources */,
				08FF8D602015C58E0028DF49 /* Frameworks */,
				08FF8D612015C58E0028DF49 /* Resources */,
			);
			buildRules = (
			);
			dependencies = (
			);
			name = MLScanControl;
			productName = MLScanControl;
			productReference = 08FF8D632015C58E0028DF49 /* MLScanControl.app */;
			productType = "com.apple.product-type.application";
		};
/* End PBXNativeTarget section */

/* Begin PBXProject section */
		08FF8D5B2015C58E0028DF49 /* Project object */ = {
			isa = PBXProject;
			attributes = {
				LastSwiftUpdateCheck = 0920;
				LastUpgradeCheck = 0920;
				ORGANIZATIONNAME = Mrlu;
				TargetAttributes = {
					08FF8D622015C58E0028DF49 = {
						CreatedOnToolsVersion = 9.2;
						LastSwiftMigration = 0930;
						ProvisioningStyle = Automatic;
					};
				};
			};
			buildConfigurationList = 08FF8D5E2015C58E0028DF49 /* Build configuration list for PBXProject "MLScanControl" */;
			compatibilityVersion = "Xcode 8.0";
			developmentRegion = en;
			hasScannedForEncodings = 0;
			knownRegions = (
				en,
				Base,
			);
			mainGroup = 08FF8D5A2015C58E0028DF49;
			productRefGroup = 08FF8D642015C58E0028DF49 /* Products */;
			projectDirPath = "";
			projectRoot = "";
			targets = (
				08FF8D622015C58E0028DF49 /* MLScanControl */,
			);
		};
/* End PBXProject section */

/* Begin PBXResourcesBuildPhase section */
		08FF8D612015C58E0028DF49 /* Resources */ = {
			isa = PBXResourcesBuildPhase;
			buildActionMask = 2147483647;
			files = (
				08FF8D712015C58E0028DF49 /* LaunchScreen.storyboard in Resources */,
				08FF8D6E2015C58E0028DF49 /* Assets.xcassets in Resources */,
				08FF8D6C2015C58E0028DF49 /* Main.storyboard in Resources */,
				08FF8D7D2015C6960028DF49 /* MLScan.bundle in Resources */,
			);
			runOnlyForDeploymentPostprocessing = 0;
		};
/* End PBXResourcesBuildPhase section */

/* Begin PBXSourcesBuildPhase section */
		08FF8D5F2015C58E0028DF49 /* Sources */ = {
			isa = PBXSourcesBuildPhase;
			buildActionMask = 2147483647;
			files = (
				08A4DE0C208F18590004F540 /* ViewController_swift.swift in Sources */,
				08A4DE0A208F184F0004F540 /* MLScanFrameView.swift in Sources */,
				08FF8D672015C58E0028DF49 /* AppDelegate.swift in Sources */,
				08A4DE09208F184F0004F540 /* MLScanControl.swift in Sources */,
			);
			runOnlyForDeploymentPostprocessing = 0;
		};
/* End PBXSourcesBuildPhase section */

/* Begin PBXVariantGroup section */
		08FF8D6A2015C58E0028DF49 /* Main.storyboard */ = {
			isa = PBXVariantGroup;
			children = (
				08FF8D6B2015C58E0028DF49 /* Base */,
			);
			name = Main.storyboard;
			sourceTree = "<group>";
		};
		08FF8D6F2015C58E0028DF49 /* LaunchScreen.storyboard */ = {
			isa = PBXVariantGroup;
			children = (
				08FF8D702015C58E0028DF49 /* Base */,
			);
			name = LaunchScreen.storyboard;
			sourceTree = "<group>";
		};
/* End PBXVariantGroup section */

/* Begin XCBuildConfiguration section */
		08FF8D732015C58E0028DF49 /* Debug */ = {
			isa = XCBuildConfiguration;
			buildSettings = {
				ALWAYS_SEARCH_USER_PATHS = NO;
				CLANG_ANALYZER_NONNULL = YES;
				CLANG_ANALYZER_NUMBER_OBJECT_CONVERSION = YES_AGGRESSIVE;
				CLANG_CXX_LANGUAGE_STANDARD = "gnu++14";
				CLANG_CXX_LIBRARY = "libc++";
				CLANG_ENABLE_MODULES = YES;
				CLANG_ENABLE_OBJC_ARC = YES;
				CLANG_WARN_BLOCK_CAPTURE_AUTORELEASING = YES;
				CLANG_WARN_BOOL_CONVERSION = YES;
				CLANG_WARN_COMMA = YES;
				CLANG_WARN_CONSTANT_CONVERSION = YES;
				CLANG_WARN_DIRECT_OBJC_ISA_USAGE = YES_ERROR;
				CLANG_WARN_DOCUMENTATION_COMMENTS = YES;
				CLANG_WARN_EMPTY_BODY = YES;
				CLANG_WARN_ENUM_CONVERSION = YES;
				CLANG_WARN_INFINITE_RECURSION = YES;
				CLANG_WARN_INT_CONVERSION = YES;
				CLANG_WARN_NON_LITERAL_NULL_CONVERSION = YES;
				CLANG_WARN_OBJC_LITERAL_CONVERSION = YES;
				CLANG_WARN_OBJC_ROOT_CLASS = YES_ERROR;
				CLANG_WARN_RANGE_LOOP_ANALYSIS = YES;
				CLANG_WARN_STRICT_PROTOTYPES = YES;
				CLANG_WARN_SUSPICIOUS_MOVE = YES;
				CLANG_WARN_UNGUARDED_AVAILABILITY = YES_AGGRESSIVE;
				CLANG_WARN_UNREACHABLE_CODE = YES;
				CLANG_WARN__DUPLICATE_METHOD_MATCH = YES;
				CODE_SIGN_IDENTITY = "iPhone Developer";
				COPY_PHASE_STRIP = NO;
				DEBUG_INFORMATION_FORMAT = dwarf;
				ENABLE_STRICT_OBJC_MSGSEND = YES;
				ENABLE_TESTABILITY = YES;
				GCC_C_LANGUAGE_STANDARD = gnu11;
				GCC_DYNAMIC_NO_PIC = NO;
				GCC_NO_COMMON_BLOCKS = YES;
				GCC_OPTIMIZATION_LEVEL = 0;
				GCC_PREPROCESSOR_DEFINITIONS = (
					"DEBUG=1",
					"$(inherited)",
				);
				GCC_WARN_64_TO_32_BIT_CONVERSION = YES;
				GCC_WARN_ABOUT_RETURN_TYPE = YES_ERROR;
				GCC_WARN_UNDECLARED_SELECTOR = YES;
				GCC_WARN_UNINITIALIZED_AUTOS = YES_AGGRESSIVE;
				GCC_WARN_UNUSED_FUNCTION = YES;
				GCC_WARN_UNUSED_VARIABLE = YES;
				IPHONEOS_DEPLOYMENT_TARGET = 11.2;
				MTL_ENABLE_DEBUG_INFO = YES;
				ONLY_ACTIVE_ARCH = YES;
				SDKROOT = iphoneos;
				SWIFT_ACTIVE_COMPILATION_CONDITIONS = DEBUG;
				SWIFT_OPTIMIZATION_LEVEL = "-Onone";
			};
			name = Debug;
		};
		08FF8D742015C58E0028DF49 /* Release */ = {
			isa = XCBuildConfiguration;
			buildSettings = {
				ALWAYS_SEARCH_USER_PATHS = NO;
				CLANG_ANALYZER_NONNULL = YES;
				CLANG_ANALYZER_NUMBER_OBJECT_CONVERSION = YES_AGGRESSIVE;
				CLANG_CXX_LANGUAGE_STANDARD = "gnu++14";
				CLANG_CXX_LIBRARY = "libc++";
				CLANG_ENABLE_MODULES = YES;
				CLANG_ENABLE_OBJC_ARC = YES;
				CLANG_WARN_BLOCK_CAPTURE_AUTORELEASING = YES;
				CLANG_WARN_BOOL_CONVERSION = YES;
				CLANG_WARN_COMMA = YES;
				CLANG_WARN_CONSTANT_CONVERSION = YES;
				CLANG_WARN_DIRECT_OBJC_ISA_USAGE = YES_ERROR;
				CLANG_WARN_DOCUMENTATION_COMMENTS = YES;
				CLANG_WARN_EMPTY_BODY = YES;
				CLANG_WARN_ENUM_CONVERSION = YES;
				CLANG_WARN_INFINITE_RECURSION = YES;
				CLANG_WARN_INT_CONVERSION = YES;
				CLANG_WARN_NON_LITERAL_NULL_CONVERSION = YES;
				CLANG_WARN_OBJC_LITERAL_CONVERSION = YES;
				CLANG_WARN_OBJC_ROOT_CLASS = YES_ERROR;
				CLANG_WARN_RANGE_LOOP_ANALYSIS = YES;
				CLANG_WARN_STRICT_PROTOTYPES = YES;
				CLANG_WARN_SUSPICIOUS_MOVE = YES;
				CLANG_WARN_UNGUARDED_AVAILABILITY = YES_AGGRESSIVE;
				CLANG_WARN_UNREACHABLE_CODE = YES;
				CLANG_WARN__DUPLICATE_METHOD_MATCH = YES;
				CODE_SIGN_IDENTITY = "iPhone Developer";
				COPY_PHASE_STRIP = NO;
				DEBUG_INFORMATION_FORMAT = "dwarf-with-dsym";
				ENABLE_NS_ASSERTIONS = NO;
				ENABLE_STRICT_OBJC_MSGSEND = YES;
				GCC_C_LANGUAGE_STANDARD = gnu11;
				GCC_NO_COMMON_BLOCKS = YES;
				GCC_WARN_64_TO_32_BIT_CONVERSION = YES;
				GCC_WARN_ABOUT_RETURN_TYPE = YES_ERROR;
				GCC_WARN_UNDECLARED_SELECTOR = YES;
				GCC_WARN_UNINITIALIZED_AUTOS = YES_AGGRESSIVE;
				GCC_WARN_UNUSED_FUNCTION = YES;
				GCC_WARN_UNUSED_VARIABLE = YES;
				IPHONEOS_DEPLOYMENT_TARGET = 11.2;
				MTL_ENABLE_DEBUG_INFO = NO;
				SDKROOT = iphoneos;
				SWIFT_OPTIMIZATION_LEVEL = "-Owholemodule";
				VALIDATE_PRODUCT = YES;
			};
			name = Release;
		};
		08FF8D762015C58E0028DF49 /* Debug */ = {
			isa = XCBuildConfiguration;
			buildSettings = {
				ASSETCATALOG_COMPILER_APPICON_NAME = AppIcon;
				CLANG_ENABLE_MODULES = YES;
				CODE_SIGN_STYLE = Automatic;
				DEVELOPMENT_TEAM = GD377ZQP64;
				INFOPLIST_FILE = MLScanControl/Info.plist;
				LD_RUNPATH_SEARCH_PATHS = "$(inherited) @executable_path/Frameworks";
				PRODUCT_BUNDLE_IDENTIFIER = com.Mrlu.MLScanControl;
				PRODUCT_NAME = "$(TARGET_NAME)";
				SWIFT_OBJC_BRIDGING_HEADER = "Class/OC/MLScanControl-Bridging-Header.h";
				SWIFT_OPTIMIZATION_LEVEL = "-Onone";
				SWIFT_VERSION = 4.0;
				TARGETED_DEVICE_FAMILY = "1,2";
			};
			name = Debug;
		};
		08FF8D772015C58E0028DF49 /* Release */ = {
			isa = XCBuildConfiguration;
			buildSettings = {
				ASSETCATALOG_COMPILER_APPICON_NAME = AppIcon;
				CLANG_ENABLE_MODULES = YES;
				CODE_SIGN_STYLE = Automatic;
				DEVELOPMENT_TEAM = GD377ZQP64;
				INFOPLIST_FILE = MLScanControl/Info.plist;
				LD_RUNPATH_SEARCH_PATHS = "$(inherited) @executable_path/Frameworks";
				PRODUCT_BUNDLE_IDENTIFIER = com.Mrlu.MLScanControl;
				PRODUCT_NAME = "$(TARGET_NAME)";
				SWIFT_OBJC_BRIDGING_HEADER = "Class/OC/MLScanControl-Bridging-Header.h";
				SWIFT_VERSION = 4.0;
				TARGETED_DEVICE_FAMILY = "1,2";
			};
			name = Release;
		};
/* End XCBuildConfiguration section */

/* Begin XCConfigurationList section */
		08FF8D5E2015C58E0028DF49 /* Build configuration list for PBXProject "MLScanControl" */ = {
			isa = XCConfigurationList;
			buildConfigurations = (
				08FF8D732015C58E0028DF49 /* Debug */,
				08FF8D742015C58E0028DF49 /* Release */,
			);
			defaultConfigurationIsVisible = 0;
			defaultConfigurationName = Release;
		};
		08FF8D752015C58E0028DF49 /* Build configuration list for PBXNativeTarget "MLScanControl" */ = {
			isa = XCConfigurationList;
			buildConfigurations = (
				08FF8D762015C58E0028DF49 /* Debug */,
				08FF8D772015C58E0028DF49 /* Release */,
			);
			defaultConfigurationIsVisible = 0;
			defaultConfigurationName = Release;
		};
/* End XCConfigurationList section */
	};
	rootObject = 08FF8D5B2015C58E0028DF49 /* Project object */;
}
